
Microsoft Visual Studio Solution File, Format Version 12.00
# Visual Studio Version 17
VisualStudioVersion = 17.10.35122.118
MinimumVisualStudioVersion = 10.0.40219.1
Project("{9A19103F-16F7-4668-BE54-9A1E7A4F7556}") = "MacBuilder-GUI", "MacBuilder-GUI\MacBuilder-GUI.csproj", "{9E064E64-A904-4524-857B-241987DB5009}"
EndProject
Project("{9A19103F-16F7-4668-BE54-9A1E7A4F7556}") = "MacBuilder-Installer", "MacBuilder-Installer\MacBuilder-Installer.csproj", "{CDCE5973-EEEE-40A8-9598-6729AE8A330F}"
EndProject
Project("{9A19103F-16F7-4668-BE54-9A1E7A4F7556}") = "MacBuilder-Updater", "MacBuilder-Updater\MacBuilder-Updater.csproj", "{91759976-F5F9-45A4-9D21-44631FF93907}"
EndProject
Global
	GlobalSection(SolutionConfigurationPlatforms) = preSolution
		Debug|Any CPU = Debug|Any CPU
		Debug|ARM64 = Debug|ARM64
		Debug|x64 = Debug|x64
		Debug|x86 = Debug|x86
		Release|Any CPU = Release|Any CPU
		Release|ARM64 = Release|ARM64
		Release|x64 = Release|x64
		Release|x86 = Release|x86
	EndGlobalSection
	GlobalSection(ProjectConfigurationPlatforms) = postSolution
		{9E064E64-A904-4524-857B-241987DB5009}.Debug|Any CPU.ActiveCfg = Debug|x64
		{9E064E64-A904-4524-857B-241987DB5009}.Debug|Any CPU.Build.0 = Debug|x64
		{9E064E64-A904-4524-857B-241987DB5009}.Debug|Any CPU.Deploy.0 = Debug|x64
		{9E064E64-A904-4524-857B-241987DB5009}.Debug|ARM64.ActiveCfg = Debug|ARM64
		{9E064E64-A904-4524-857B-241987DB5009}.Debug|ARM64.Build.0 = Debug|ARM64
		{9E064E64-A904-4524-857B-241987DB5009}.Debug|ARM64.Deploy.0 = Debug|ARM64
		{9E064E64-A904-4524-857B-241987DB5009}.Debug|x64.ActiveCfg = Debug|x64
		{9E064E64-A904-4524-857B-241987DB5009}.Debug|x64.Build.0 = Debug|x64
		{9E064E64-A904-4524-857B-241987DB5009}.Debug|x64.Deploy.0 = Debug|x64
		{9E064E64-A904-4524-857B-241987DB5009}.Debug|x86.ActiveCfg = Debug|x86
		{9E064E64-A904-4524-857B-241987DB5009}.Debug|x86.Build.0 = Debug|x86
		{9E064E64-A904-4524-857B-241987DB5009}.Debug|x86.Deploy.0 = Debug|x86
		{9E064E64-A904-4524-857B-241987DB5009}.Release|Any CPU.ActiveCfg = Release|x64
		{9E064E64-A904-4524-857B-241987DB5009}.Release|Any CPU.Build.0 = Release|x64
		{9E064E64-A904-4524-857B-241987DB5009}.Release|Any CPU.Deploy.0 = Release|x64
		{9E064E64-A904-4524-857B-241987DB5009}.Release|ARM64.ActiveCfg = Release|ARM64
		{9E064E64-A904-4524-857B-241987DB5009}.Release|ARM64.Build.0 = Release|ARM64
		{9E064E64-A904-4524-857B-241987DB5009}.Release|ARM64.Deploy.0 = Release|ARM64
		{9E064E64-A904-4524-857B-241987DB5009}.Release|x64.ActiveCfg = Release|x64
		{9E064E64-A904-4524-857B-241987DB5009}.Release|x64.Build.0 = Release|x64
		{9E064E64-A904-4524-857B-241987DB5009}.Release|x64.Deploy.0 = Release|x64
		{9E064E64-A904-4524-857B-241987DB5009}.Release|x86.ActiveCfg = Release|x86
		{9E064E64-A904-4524-857B-241987DB5009}.Release|x86.Build.0 = Release|x86
		{9E064E64-A904-4524-857B-241987DB5009}.Release|x86.Deploy.0 = Release|x86
		{CDCE5973-EEEE-40A8-9598-6729AE8A330F}.Debug|Any CPU.ActiveCfg = Debug|x64
		{CDCE5973-EEEE-40A8-9598-6729AE8A330F}.Debug|Any CPU.Build.0 = Debug|x64
		{CDCE5973-EEEE-40A8-9598-6729AE8A330F}.Debug|Any CPU.Deploy.0 = Debug|x64
		{CDCE5973-EEEE-40A8-9598-6729AE8A330F}.Debug|ARM64.ActiveCfg = Debug|ARM64
		{CDCE5973-EEEE-40A8-9598-6729AE8A330F}.Debug|ARM64.Build.0 = Debug|ARM64
		{CDCE5973-EEEE-40A8-9598-6729AE8A330F}.Debug|ARM64.Deploy.0 = Debug|ARM64
		{CDCE5973-EEEE-40A8-9598-6729AE8A330F}.Debug|x64.ActiveCfg = Debug|x64
		{CDCE5973-EEEE-40A8-9598-6729AE8A330F}.Debug|x64.Build.0 = Debug|x64
		{CDCE5973-EEEE-40A8-9598-6729AE8A330F}.Debug|x64.Deploy.0 = Debug|x64
		{CDCE5973-EEEE-40A8-9598-6729AE8A330F}.Debug|x86.ActiveCfg = Debug|x86
		{CDCE5973-EEEE-40A8-9598-6729AE8A330F}.Debug|x86.Build.0 = Debug|x86
		{CDCE5973-EEEE-40A8-9598-6729AE8A330F}.Debug|x86.Deploy.0 = Debug|x86
		{CDCE5973-EEEE-40A8-9598-6729AE8A330F}.Release|Any CPU.ActiveCfg = Release|x64
		{CDCE5973-EEEE-40A8-9598-6729AE8A330F}.Release|Any CPU.Build.0 = Release|x64
		{CDCE5973-EEEE-40A8-9598-6729AE8A330F}.Release|Any CPU.Deploy.0 = Release|x64
		{CDCE5973-EEEE-40A8-9598-6729AE8A330F}.Release|ARM64.ActiveCfg = Release|ARM64
		{CDCE5973-EEEE-40A8-9598-6729AE8A330F}.Release|ARM64.Build.0 = Release|ARM64
		{CDCE5973-EEEE-40A8-9598-6729AE8A330F}.Release|ARM64.Deploy.0 = Release|ARM64
		{CDCE5973-EEEE-40A8-9598-6729AE8A330F}.Release|x64.ActiveCfg = Release|x64
		{CDCE5973-EEEE-40A8-9598-6729AE8A330F}.Release|x64.Build.0 = Release|x64
		{CDCE5973-EEEE-40A8-9598-6729AE8A330F}.Release|x64.Deploy.0 = Release|x64
		{CDCE5973-EEEE-40A8-9598-6729AE8A330F}.Release|x86.ActiveCfg = Release|x86
		{CDCE5973-EEEE-40A8-9598-6729AE8A330F}.Release|x86.Build.0 = Release|x86
		{CDCE5973-EEEE-40A8-9598-6729AE8A330F}.Release|x86.Deploy.0 = Release|x86
		{91759976-F5F9-45A4-9D21-44631FF93907}.Debug|Any CPU.ActiveCfg = Debug|Any CPU
		{91759976-F5F9-45A4-9D21-44631FF93907}.Debug|Any CPU.Build.0 = Debug|Any CPU
		{91759976-F5F9-45A4-9D21-44631FF93907}.Debug|ARM64.ActiveCfg = Debug|Any CPU
		{91759976-F5F9-45A4-9D21-44631FF93907}.Debug|ARM64.Build.0 = Debug|Any CPU
		{91759976-F5F9-45A4-9D21-44631FF93907}.Debug|x64.ActiveCfg = Debug|Any CPU
		{91759976-F5F9-45A4-9D21-44631FF93907}.Debug|x64.Build.0 = Debug|Any CPU
		{91759976-F5F9-45A4-9D21-44631FF93907}.Debug|x86.ActiveCfg = Debug|Any CPU
		{91759976-F5F9-45A4-9D21-44631FF93907}.Debug|x86.Build.0 = Debug|Any CPU
		{91759976-F5F9-45A4-9D21-44631FF93907}.Release|Any CPU.ActiveCfg = Release|Any CPU
		{91759976-F5F9-45A4-9D21-44631FF93907}.Release|Any CPU.Build.0 = Release|Any CPU
		{91759976-F5F9-45A4-9D21-44631FF93907}.Release|ARM64.ActiveCfg = Release|Any CPU
		{91759976-F5F9-45A4-9D21-44631FF93907}.Release|ARM64.Build.0 = Release|Any CPU
		{91759976-F5F9-45A4-9D21-44631FF93907}.Release|x64.ActiveCfg = Release|Any CPU
		{91759976-F5F9-45A4-9D21-44631FF93907}.Release|x64.Build.0 = Release|Any CPU
		{91759976-F5F9-45A4-9D21-44631FF93907}.Release|x86.ActiveCfg = Release|Any CPU
		{91759976-F5F9-45A4-9D21-44631FF93907}.Release|x86.Build.0 = Release|Any CPU
	EndGlobalSection
	GlobalSection(SolutionProperties) = preSolution
		HideSolutionNode = FALSE
	EndGlobalSection
	GlobalSection(ExtensibilityGlobals) = postSolution
		SolutionGuid = {397DAE66-FC01-454A-A95E-A9360FA5622A}
	EndGlobalSection
EndGlobal
